
Microsoft Visual Studio Solution File, Format Version 12.00
Project("{FAE04EC0-301F-11D3-BF4B-00C04F79EFBC}") = "Server", "Server\Server.csproj", "{DFF66408-35B0-4B2C-B75E-F2B0C00811FF}"
EndProject
Project("{FAE04EC0-301F-11D3-BF4B-00C04F79EFBC}") = "Engine", "Engine\Engine.csproj", "{D516E5BA-2F97-4E6D-8E75-8262CECCA3C1}"
EndProject
Global
	GlobalSection(SolutionConfigurationPlatforms) = preSolution
		Debug|Any CPU = Debug|Any CPU
		Release|Any CPU = Release|Any CPU
	EndGlobalSection
	GlobalSection(ProjectConfigurationPlatforms) = postSolution
		{DFF66408-35B0-4B2C-B75E-F2B0C00811FF}.Debug|Any CPU.ActiveCfg = Debug|Any CPU
		{DFF66408-35B0-4B2C-B75E-F2B0C00811FF}.Debug|Any CPU.Build.0 = Debug|Any CPU
		{DFF66408-35B0-4B2C-B75E-F2B0C00811FF}.Release|Any CPU.ActiveCfg = Release|Any CPU
		{DFF66408-35B0-4B2C-B75E-F2B0C00811FF}.Release|Any CPU.Build.0 = Release|Any CPU
		{D516E5BA-2F97-4E6D-8E75-8262CECCA3C1}.Debug|Any CPU.ActiveCfg = Debug|Any CPU
		{D516E5BA-2F97-4E6D-8E75-8262CECCA3C1}.Debug|Any CPU.Build.0 = Debug|Any CPU
		{D516E5BA-2F97-4E6D-8E75-8262CECCA3C1}.Release|Any CPU.ActiveCfg = Release|Any CPU
		{D516E5BA-2F97-4E6D-8E75-8262CECCA3C1}.Release|Any CPU.Build.0 = Release|Any CPU
	EndGlobalSection
EndGlobal
